
Microsoft Visual Studio Solution File, Format Version 12.00
# Visual Studio 2012
Project("{8BC9CEB8-8B4A-11D0-8D11-00A0C91BC942}") = "Lab13", "Lab13\Lab13.vcxproj", "{2762EF6B-104F-40A8-9931-5E421C37C17F}"
EndProject
Project("{8BC9CEB8-8B4A-11D0-8D11-00A0C91BC942}") = "Lab13StaticLib", "Lab13StaticLib\Lab13StaticLib.vcxproj", "{71DC2442-4317-4E8A-83E1-EA9071EA1F0B}"
EndProject
Project("{8BC9CEB8-8B4A-11D0-8D11-00A0C91BC942}") = "CLRWrapper", "CLRWrapper\CLRWrapper.vcxproj", "{A6299E94-CBAB-4E1B-ABC1-9753A0391E16}"
EndProject
Project("{FAE04EC0-301F-11D3-BF4B-00C04F79EFBC}") = "Lab1", "Lab1\Lab1.csproj", "{6FAAB126-8661-4830-B5EF-637D2140E124}"
EndProject
Global
	GlobalSection(SolutionConfigurationPlatforms) = preSolution
		Debug|Any CPU = Debug|Any CPU
		Debug|Mixed Platforms = Debug|Mixed Platforms
		Debug|Win32 = Debug|Win32
		Debug|x64 = Debug|x64
		Release|Any CPU = Release|Any CPU
		Release|Mixed Platforms = Release|Mixed Platforms
		Release|Win32 = Release|Win32
		Release|x64 = Release|x64
	EndGlobalSection
	GlobalSection(ProjectConfigurationPlatforms) = postSolution
		{2762EF6B-104F-40A8-9931-5E421C37C17F}.Debug|Any CPU.ActiveCfg = Debug|Win32
		{2762EF6B-104F-40A8-9931-5E421C37C17F}.Debug|Mixed Platforms.ActiveCfg = Debug|Win32
		{2762EF6B-104F-40A8-9931-5E421C37C17F}.Debug|Mixed Platforms.Build.0 = Debug|Win32
		{2762EF6B-104F-40A8-9931-5E421C37C17F}.Debug|Win32.ActiveCfg = Debug|Win32
		{2762EF6B-104F-40A8-9931-5E421C37C17F}.Debug|Win32.Build.0 = Debug|Win32
		{2762EF6B-104F-40A8-9931-5E421C37C17F}.Debug|x64.ActiveCfg = Debug|x64
		{2762EF6B-104F-40A8-9931-5E421C37C17F}.Debug|x64.Build.0 = Debug|x64
		{2762EF6B-104F-40A8-9931-5E421C37C17F}.Release|Any CPU.ActiveCfg = Release|Win32
		{2762EF6B-104F-40A8-9931-5E421C37C17F}.Release|Mixed Platforms.ActiveCfg = Release|Win32
		{2762EF6B-104F-40A8-9931-5E421C37C17F}.Release|Mixed Platforms.Build.0 = Release|Win32
		{2762EF6B-104F-40A8-9931-5E421C37C17F}.Release|Win32.ActiveCfg = Release|Win32
		{2762EF6B-104F-40A8-9931-5E421C37C17F}.Release|Win32.Build.0 = Release|Win32
		{2762EF6B-104F-40A8-9931-5E421C37C17F}.Release|x64.ActiveCfg = Release|x64
		{2762EF6B-104F-40A8-9931-5E421C37C17F}.Release|x64.Build.0 = Release|x64
		{71DC2442-4317-4E8A-83E1-EA9071EA1F0B}.Debug|Any CPU.ActiveCfg = Debug|Win32
		{71DC2442-4317-4E8A-83E1-EA9071EA1F0B}.Debug|Mixed Platforms.ActiveCfg = Debug|Win32
		{71DC2442-4317-4E8A-83E1-EA9071EA1F0B}.Debug|Mixed Platforms.Build.0 = Debug|Win32
		{71DC2442-4317-4E8A-83E1-EA9071EA1F0B}.Debug|Win32.ActiveCfg = Debug|Win32
		{71DC2442-4317-4E8A-83E1-EA9071EA1F0B}.Debug|Win32.Build.0 = Debug|Win32
		{71DC2442-4317-4E8A-83E1-EA9071EA1F0B}.Debug|x64.ActiveCfg = Debug|x64
		{71DC2442-4317-4E8A-83E1-EA9071EA1F0B}.Debug|x64.Build.0 = Debug|x64
		{71DC2442-4317-4E8A-83E1-EA9071EA1F0B}.Release|Any CPU.ActiveCfg = Release|Win32
		{71DC2442-4317-4E8A-83E1-EA9071EA1F0B}.Release|Mixed Platforms.ActiveCfg = Release|Win32
		{71DC2442-4317-4E8A-83E1-EA9071EA1F0B}.Release|Mixed Platforms.Build.0 = Release|Win32
		{71DC2442-4317-4E8A-83E1-EA9071EA1F0B}.Release|Win32.ActiveCfg = Release|Win32
		{71DC2442-4317-4E8A-83E1-EA9071EA1F0B}.Release|Win32.Build.0 = Release|Win32
		{71DC2442-4317-4E8A-83E1-EA9071EA1F0B}.Release|x64.ActiveCfg = Release|x64
		{71DC2442-4317-4E8A-83E1-EA9071EA1F0B}.Release|x64.Build.0 = Release|x64
		{A6299E94-CBAB-4E1B-ABC1-9753A0391E16}.Debug|Any CPU.ActiveCfg = Debug|Win32
		{A6299E94-CBAB-4E1B-ABC1-9753A0391E16}.Debug|Mixed Platforms.ActiveCfg = Debug|Win32
		{A6299E94-CBAB-4E1B-ABC1-9753A0391E16}.Debug|Mixed Platforms.Build.0 = Debug|Win32
		{A6299E94-CBAB-4E1B-ABC1-9753A0391E16}.Debug|Win32.ActiveCfg = Debug|Win32
		{A6299E94-CBAB-4E1B-ABC1-9753A0391E16}.Debug|Win32.Build.0 = Debug|Win32
		{A6299E94-CBAB-4E1B-ABC1-9753A0391E16}.Debug|x64.ActiveCfg = Debug|x64
		{A6299E94-CBAB-4E1B-ABC1-9753A0391E16}.Debug|x64.Build.0 = Debug|x64
		{A6299E94-CBAB-4E1B-ABC1-9753A0391E16}.Release|Any CPU.ActiveCfg = Release|Win32
		{A6299E94-CBAB-4E1B-ABC1-9753A0391E16}.Release|Mixed Platforms.ActiveCfg = Release|Win32
		{A6299E94-CBAB-4E1B-ABC1-9753A0391E16}.Release|Mixed Platforms.Build.0 = Release|Win32
		{A6299E94-CBAB-4E1B-ABC1-9753A0391E16}.Release|Win32.ActiveCfg = Release|Win32
		{A6299E94-CBAB-4E1B-ABC1-9753A0391E16}.Release|Win32.Build.0 = Release|Win32
		{A6299E94-CBAB-4E1B-ABC1-9753A0391E16}.Release|x64.ActiveCfg = Release|x64
		{A6299E94-CBAB-4E1B-ABC1-9753A0391E16}.Release|x64.Build.0 = Release|x64
		{6FAAB126-8661-4830-B5EF-637D2140E124}.Debug|Any CPU.ActiveCfg = Debug|Any CPU
		{6FAAB126-8661-4830-B5EF-637D2140E124}.Debug|Any CPU.Build.0 = Debug|Any CPU
		{6FAAB126-8661-4830-B5EF-637D2140E124}.Debug|Mixed Platforms.ActiveCfg = Debug|Any CPU
		{6FAAB126-8661-4830-B5EF-637D2140E124}.Debug|Mixed Platforms.Build.0 = Debug|Any CPU
		{6FAAB126-8661-4830-B5EF-637D2140E124}.Debug|Win32.ActiveCfg = Debug|x86
		{6FAAB126-8661-4830-B5EF-637D2140E124}.Debug|Win32.Build.0 = Debug|x86
		{6FAAB126-8661-4830-B5EF-637D2140E124}.Debug|x64.ActiveCfg = Debug|x64
		{6FAAB126-8661-4830-B5EF-637D2140E124}.Debug|x64.Build.0 = Debug|x64
		{6FAAB126-8661-4830-B5EF-637D2140E124}.Release|Any CPU.ActiveCfg = Release|Any CPU
		{6FAAB126-8661-4830-B5EF-637D2140E124}.Release|Any CPU.Build.0 = Release|Any CPU
		{6FAAB126-8661-4830-B5EF-637D2140E124}.Release|Mixed Platforms.ActiveCfg = Release|Any CPU
		{6FAAB126-8661-4830-B5EF-637D2140E124}.Release|Mixed Platforms.Build.0 = Release|Any CPU
		{6FAAB126-8661-4830-B5EF-637D2140E124}.Release|Win32.ActiveCfg = Release|Any CPU
		{6FAAB126-8661-4830-B5EF-637D2140E124}.Release|x64.ActiveCfg = Release|x64
		{6FAAB126-8661-4830-B5EF-637D2140E124}.Release|x64.Build.0 = Release|x64
	EndGlobalSection
	GlobalSection(SolutionProperties) = preSolution
		HideSolutionNode = FALSE
	EndGlobalSection
	GlobalSection(Performance) = preSolution
		HasPerformanceSessions = true
	EndGlobalSection
EndGlobal
