<?xml version="1.0" encoding="utf-8"?>
<Project ToolsVersion="4.0" xmlns="http://schemas.microsoft.com/developer/msbuild/2003">
  <ItemGroup>
    <Filter Include="Source Files">
      <UniqueIdentifier>{4FC737F1-C7A5-4376-A066-2A32D752A2FF}</UniqueIdentifier>
      <Extensions>cpp;c;cc;cxx;def;odl;idl;hpj;bat;asm;asmx</Extensions>
    </Filter>
    <Filter Include="Header Files">
      <UniqueIdentifier>{93995380-89BD-4b04-88EB-625FBE52EBFB}</UniqueIdentifier>
      <Extensions>h;hpp;hxx;hm;inl;inc;xsd</Extensions>
    </Filter>
    <Filter Include="Resource Files">
      <UniqueIdentifier>{67DA6AB6-F800-4c08-8B7A-83BB121AAD01}</UniqueIdentifier>
      <Extensions>rc;ico;cur;bmp;dlg;rc2;rct;bin;rgs;gif;jpg;jpeg;jpe;resx;tiff;tif;png;wav;mfcribbon-ms</Extensions>
    </Filter>
    <Filter Include="Classes">
      <UniqueIdentifier>{3a9bac25-f341-49c7-93b3-ee0154f6f013}</UniqueIdentifier>
    </Filter>
    <Filter Include="Classes\FileHandlers">
      <UniqueIdentifier>{3a702eb5-c275-44e8-8bb9-dde76bb3b4e9}</UniqueIdentifier>
    </Filter>
    <Filter Include="Classes\Encoders">
      <UniqueIdentifier>{fa8da475-a91c-4ade-9b5c-90c374de4b6b}</UniqueIdentifier>
    </Filter>
    <Filter Include="Classes\Object">
      <UniqueIdentifier>{e7286b3d-f07c-47c8-956d-28245f7a77ca}</UniqueIdentifier>
    </Filter>
  </ItemGroup>
  <ItemGroup>
    <Text Include="Resources\testDecoded.txt">
      <Filter>Resource Files</Filter>
    </Text>
    <Text Include="Resources\testEncoded.txt">
      <Filter>Resource Files</Filter>
    </Text>
    <Text Include="Resources\testInput.txt">
      <Filter>Resource Files</Filter>
    </Text>
    <Text Include="Resources\YuraTest.txt">
      <Filter>Resource Files</Filter>
    </Text>
    <Text Include="Resources\backups.txt">
      <Filter>Resource Files</Filter>
    </Text>
    <Text Include="Resources\ReadMe.txt" />
    <Text Include="Resources\RLETest.txt" />
  </ItemGroup>
  <ItemGroup>
    <ClInclude Include="Other\targetver.h">
      <Filter>Header Files</Filter>
    </ClInclude>
    <ClInclude Include="Other\stdafx.h">
      <Filter>Header Files</Filter>
    </ClInclude>
    <ClInclude Include="Other\PlatformSpecific.h">
      <Filter>Header Files</Filter>
    </ClInclude>
  </ItemGroup>
  <ItemGroup>
    <ClCompile Include="Other\Lab13.cpp">
      <Filter>Source Files</Filter>
    </ClCompile>
    <ClCompile Include="Other\stdafx.cpp">
      <Filter>Source Files</Filter>
    </ClCompile>
  </ItemGroup>
  <ItemGroup>
    <None Include="ClassDiagram.cd" />
  </ItemGroup>
</Project>