<?xml version="1.0" encoding="utf-8"?>
<Project ToolsVersion="4.0" xmlns="http://schemas.microsoft.com/developer/msbuild/2003">
  <ItemGroup>
    <Filter Include="Source Files">
      <UniqueIdentifier>{4FC737F1-C7A5-4376-A066-2A32D752A2FF}</UniqueIdentifier>
      <Extensions>cpp;c;cc;cxx;def;odl;idl;hpj;bat;asm;asmx</Extensions>
    </Filter>
    <Filter Include="Header Files">
      <UniqueIdentifier>{93995380-89BD-4b04-88EB-625FBE52EBFB}</UniqueIdentifier>
      <Extensions>h;hpp;hxx;hm;inl;inc;xsd</Extensions>
    </Filter>
    <Filter Include="Resource Files">
      <UniqueIdentifier>{67DA6AB6-F800-4c08-8B7A-83BB121AAD01}</UniqueIdentifier>
      <Extensions>rc;ico;cur;bmp;dlg;rc2;rct;bin;rgs;gif;jpg;jpeg;jpe;resx;tiff;tif;png;wav;mfcribbon-ms</Extensions>
    </Filter>
  </ItemGroup>
  <ItemGroup>
    <Text Include="ReadMe.txt" />
  </ItemGroup>
  <ItemGroup>
    <ClCompile Include="Classes\Codecs\JPEGCodec\JPEGCodec.cpp">
      <Filter>Source Files</Filter>
    </ClCompile>
    <ClCompile Include="Classes\Codecs\JPEGCodec\JPEGCodecDecode.cpp">
      <Filter>Source Files</Filter>
    </ClCompile>
    <ClCompile Include="Classes\Codecs\JPEGCodec\JPEGCodecEncode.cpp">
      <Filter>Source Files</Filter>
    </ClCompile>
    <ClCompile Include="Classes\Codecs\GenericCodec.cpp">
      <Filter>Source Files</Filter>
    </ClCompile>
    <ClCompile Include="Classes\Codecs\HuffmanCodec.cpp">
      <Filter>Source Files</Filter>
    </ClCompile>
    <ClCompile Include="Classes\Codecs\LZWCodec.cpp">
      <Filter>Source Files</Filter>
    </ClCompile>
    <ClCompile Include="Classes\Codecs\RLECodec.cpp">
      <Filter>Source Files</Filter>
    </ClCompile>
    <ClCompile Include="Classes\ColorSpaces\ColorSpace.cpp">
      <Filter>Source Files</Filter>
    </ClCompile>
    <ClCompile Include="Classes\ColorSpaces\ColorSpaceRGB.cpp">
      <Filter>Source Files</Filter>
    </ClCompile>
    <ClCompile Include="Classes\ColorSpaces\ColorSpaceYCbCr.cpp">
      <Filter>Source Files</Filter>
    </ClCompile>
    <ClCompile Include="Classes\Other\dct.cpp">
      <Filter>Source Files</Filter>
    </ClCompile>
    <ClCompile Include="Classes\Other\SFData.cpp">
      <Filter>Source Files</Filter>
    </ClCompile>
    <ClCompile Include="Classes\Stream\Reader\SFFileStreamReader.cpp">
      <Filter>Source Files</Filter>
    </ClCompile>
    <ClCompile Include="Classes\Stream\Reader\SFMemoryStreamReader.cpp">
      <Filter>Source Files</Filter>
    </ClCompile>
    <ClCompile Include="Classes\Stream\Reader\SFStreamReader.cpp">
      <Filter>Source Files</Filter>
    </ClCompile>
    <ClCompile Include="Classes\Stream\Writer\SFFileStreamWriter.cpp">
      <Filter>Source Files</Filter>
    </ClCompile>
    <ClCompile Include="Classes\Stream\Writer\SFMemoryStreamWriter.cpp">
      <Filter>Source Files</Filter>
    </ClCompile>
    <ClCompile Include="Classes\Stream\Writer\SFStreamWriter.cpp">
      <Filter>Source Files</Filter>
    </ClCompile>
    <ClCompile Include="Classes\Stream\SFStream.cpp">
      <Filter>Source Files</Filter>
    </ClCompile>
    <ClCompile Include="Other\stdafx.cpp">
      <Filter>Source Files</Filter>
    </ClCompile>
    <ClCompile Include="Classes\Object\SFObject.cpp">
      <Filter>Source Files</Filter>
    </ClCompile>
    <ClCompile Include="Classes\Image\SFImage.cpp">
      <Filter>Source Files</Filter>
    </ClCompile>
  </ItemGroup>
  <ItemGroup>
    <ClInclude Include="Classes\Codecs\JPEGCodec\JPEGCodec.h">
      <Filter>Header Files</Filter>
    </ClInclude>
    <ClInclude Include="Classes\Codecs\GenericCodec.h">
      <Filter>Header Files</Filter>
    </ClInclude>
    <ClInclude Include="Classes\Codecs\HuffmanCodec.h">
      <Filter>Header Files</Filter>
    </ClInclude>
    <ClInclude Include="Classes\Codecs\LZWCodec.h">
      <Filter>Header Files</Filter>
    </ClInclude>
    <ClInclude Include="Classes\Codecs\RLECodec.h">
      <Filter>Header Files</Filter>
    </ClInclude>
    <ClInclude Include="Classes\ColorSpaces\ColorSpace.h">
      <Filter>Header Files</Filter>
    </ClInclude>
    <ClInclude Include="Classes\ColorSpaces\ColorSpaceRGB.h">
      <Filter>Header Files</Filter>
    </ClInclude>
    <ClInclude Include="Classes\ColorSpaces\ColorSpaceYCbCr.h">
      <Filter>Header Files</Filter>
    </ClInclude>
    <ClInclude Include="Classes\Object\Atomic.h">
      <Filter>Header Files</Filter>
    </ClInclude>
    <ClInclude Include="Classes\Other\dct.h">
      <Filter>Header Files</Filter>
    </ClInclude>
    <ClInclude Include="Classes\Other\SFData.h">
      <Filter>Header Files</Filter>
    </ClInclude>
    <ClInclude Include="Classes\Stream\Reader\SFFileStreamReader.h">
      <Filter>Header Files</Filter>
    </ClInclude>
    <ClInclude Include="Classes\Stream\Reader\SFMemoryStreamReader.h">
      <Filter>Header Files</Filter>
    </ClInclude>
    <ClInclude Include="Classes\Stream\Reader\SFStreamReader.h">
      <Filter>Header Files</Filter>
    </ClInclude>
    <ClInclude Include="Classes\Stream\Writer\SFFileStreamWriter.h">
      <Filter>Header Files</Filter>
    </ClInclude>
    <ClInclude Include="Classes\Stream\Writer\SFMemoryStreamWriter.h">
      <Filter>Header Files</Filter>
    </ClInclude>
    <ClInclude Include="Classes\Stream\Writer\SFStreamWriter.h">
      <Filter>Header Files</Filter>
    </ClInclude>
    <ClInclude Include="Classes\Stream\SFStream.h">
      <Filter>Header Files</Filter>
    </ClInclude>
    <ClInclude Include="Other\PlatformSpecific.h">
      <Filter>Header Files</Filter>
    </ClInclude>
    <ClInclude Include="Other\stdafx.h">
      <Filter>Header Files</Filter>
    </ClInclude>
    <ClInclude Include="Other\targetver.h">
      <Filter>Header Files</Filter>
    </ClInclude>
    <ClInclude Include="Classes\Object\SFObject.h">
      <Filter>Header Files</Filter>
    </ClInclude>
    <ClInclude Include="Classes\Image\SFImage.h">
      <Filter>Header Files</Filter>
    </ClInclude>
  </ItemGroup>
</Project>